schema: '2.0'
stages:
  load_data:
    cmd: python src\load_data.py --config=params.yaml
    deps:
    - path: data_given\winequality.csv
      md5: 6a883fd98624e18c0b7ce251f4fab4fb
      size: 100951
    - path: src\get_data.py
      md5: 6d922869261fe234b93057b9dedc17fd
      size: 703
    - path: src\load_data.py
      md5: a918119c34cda0dcf21ed1d4666ff1a5
      size: 692
    outs:
    - path: data\raw\winequality.csv
      md5: b81c95040ccc1f04820095a237ba3c61
      size: 95085
